
Microsoft Visual Studio Solution File, Format Version 11.00
# Visual Studio 2010
Project("{FAE04EC0-301F-11D3-BF4B-00C04F79EFBC}") = "Assembly-CSharp", "Assembly-CSharp.csproj", "{633ACCFC-750F-E282-E0CF-9EF723F1CEC7}"
EndProject
Project("{FAE04EC0-301F-11D3-BF4B-00C04F79EFBC}") = "Unity.ProBuilder.Examples.Editor", "Unity.ProBuilder.Examples.Editor.csproj", "{EBDA34C8-1A32-ED90-58E7-88B18359C11A}"
EndProject
Global
	GlobalSection(SolutionConfigurationPlatforms) = preSolution
		Debug|Any CPU = Debug|Any CPU
		Release|Any CPU = Release|Any CPU
	EndGlobalSection
	GlobalSection(ProjectConfigurationPlatforms) = postSolution
		{633ACCFC-750F-E282-E0CF-9EF723F1CEC7}.Debug|Any CPU.ActiveCfg = Debug|Any CPU
		{633ACCFC-750F-E282-E0CF-9EF723F1CEC7}.Debug|Any CPU.Build.0 = Debug|Any CPU
		{633ACCFC-750F-E282-E0CF-9EF723F1CEC7}.Release|Any CPU.ActiveCfg = Release|Any CPU
		{633ACCFC-750F-E282-E0CF-9EF723F1CEC7}.Release|Any CPU.Build.0 = Release|Any CPU
		{EBDA34C8-1A32-ED90-58E7-88B18359C11A}.Debug|Any CPU.ActiveCfg = Debug|Any CPU
		{EBDA34C8-1A32-ED90-58E7-88B18359C11A}.Debug|Any CPU.Build.0 = Debug|Any CPU
		{EBDA34C8-1A32-ED90-58E7-88B18359C11A}.Release|Any CPU.ActiveCfg = Release|Any CPU
		{EBDA34C8-1A32-ED90-58E7-88B18359C11A}.Release|Any CPU.Build.0 = Release|Any CPU
	EndGlobalSection
	GlobalSection(SolutionProperties) = preSolution
		HideSolutionNode = FALSE
	EndGlobalSection
EndGlobal
